// !$*UTF8*$!
{
	archiveVersion = 1;
	classes = {
	};
	objectVersion = 56;
	objects = {

/* Begin PBXBuildFile section */
		68BC378B2C8F34330085A403 /* AppDelegate.swift in Sources */ = {isa = PBXBuildFile; fileRef = 68BC378A2C8F34330085A403 /* AppDelegate.swift */; };
		68BC378D2C8F34330085A403 /* SceneDelegate.swift in Sources */ = {isa = PBXBuildFile; fileRef = 68BC378C2C8F34330085A403 /* SceneDelegate.swift */; };
		68BC378F2C8F34330085A403 /* ViewController.swift in Sources */ = {isa = PBXBuildFile; fileRef = 68BC378E2C8F34330085A403 /* ViewController.swift */; };
		68BC37922C8F34330085A403 /* Main.storyboard in Resources */ = {isa = PBXBuildFile; fileRef = 68BC37902C8F34330085A403 /* Main.storyboard */; };
		68BC37942C8F34350085A403 /* Assets.xcassets in Resources */ = {isa = PBXBuildFile; fileRef = 68BC37932C8F34350085A403 /* Assets.xcassets */; };
		68BC37972C8F34350085A403 /* LaunchScreen.storyboard in Resources */ = {isa = PBXBuildFile; fileRef = 68BC37952C8F34350085A403 /* LaunchScreen.storyboard */; };
		68BC37A22C8F34350085A403 /* KJVoiceChatExperienceAppTests.swift in Sources */ = {isa = PBXBuildFile; fileRef = 68BC37A12C8F34350085A403 /* KJVoiceChatExperienceAppTests.swift */; };
		68BC37AC2C8F34350085A403 /* KJVoiceChatExperienceAppUITests.swift in Sources */ = {isa = PBXBuildFile; fileRef = 68BC37AB2C8F34350085A403 /* KJVoiceChatExperienceAppUITests.swift */; };
		68BC37AE2C8F34350085A403 /* KJVoiceChatExperienceAppUITestsLaunchTests.swift in Sources */ = {isa = PBXBuildFile; fileRef = 68BC37AD2C8F34350085A403 /* KJVoiceChatExperienceAppUITestsLaunchTests.swift */; };
/* End PBXBuildFile section */

/* Begin PBXContainerItemProxy section */
		68BC379E2C8F34350085A403 /* PBXContainerItemProxy */ = {
			isa = PBXContainerItemProxy;
			containerPortal = 68BC377F2C8F34330085A403 /* Project object */;
			proxyType = 1;
			remoteGlobalIDString = 68BC37862C8F34330085A403;
			remoteInfo = KJVoiceChatExperienceApp;
		};
		68BC37A82C8F34350085A403 /* PBXContainerItemProxy */ = {
			isa = PBXContainerItemProxy;
			containerPortal = 68BC377F2C8F34330085A403 /* Project object */;
			proxyType = 1;
			remoteGlobalIDString = 68BC37862C8F34330085A403;
			remoteInfo = KJVoiceChatExperienceApp;
		};
/* End PBXContainerItemProxy section */

/* Begin PBXFileReference section */
		68BC37872C8F34330085A403 /* KJVoiceChatExperienceApp.app */ = {isa = PBXFileReference; explicitFileType = wrapper.application; includeInIndex = 0; path = KJVoiceChatExperienceApp.app; sourceTree = BUILT_PRODUCTS_DIR; };
		68BC378A2C8F34330085A403 /* AppDelegate.swift */ = {isa = PBXFileReference; lastKnownFileType = sourcecode.swift; path = AppDelegate.swift; sourceTree = "<group>"; };
		68BC378C2C8F34330085A403 /* SceneDelegate.swift */ = {isa = PBXFileReference; lastKnownFileType = sourcecode.swift; path = SceneDelegate.swift; sourceTree = "<group>"; };
		68BC378E2C8F34330085A403 /* ViewController.swift */ = {isa = PBXFileReference; lastKnownFileType = sourcecode.swift; path = ViewController.swift; sourceTree = "<group>"; };
		68BC37912C8F34330085A403 /* Base */ = {isa = PBXFileReference; lastKnownFileType = file.storyboard; name = Base; path = Base.lproj/Main.storyboard; sourceTree = "<group>"; };
		68BC37932C8F34350085A403 /* Assets.xcassets */ = {isa = PBXFileReference; lastKnownFileType = folder.assetcatalog; path = Assets.xcassets; sourceTree = "<group>"; };
		68BC37962C8F34350085A403 /* Base */ = {isa = PBXFileReference; lastKnownFileType = file.storyboard; name = Base; path = Base.lproj/LaunchScreen.storyboard; sourceTree = "<group>"; };
		68BC37982C8F34350085A403 /* Info.plist */ = {isa = PBXFileReference; lastKnownFileType = text.plist.xml; path = Info.plist; sourceTree = "<group>"; };
		68BC379D2C8F34350085A403 /* KJVoiceChatExperienceAppTests.xctest */ = {isa = PBXFileReference; explicitFileType = wrapper.cfbundle; includeInIndex = 0; path = KJVoiceChatExperienceAppTests.xctest; sourceTree = BUILT_PRODUCTS_DIR; };
		68BC37A12C8F34350085A403 /* KJVoiceChatExperienceAppTests.swift */ = {isa = PBXFileReference; lastKnownFileType = sourcecode.swift; path = KJVoiceChatExperienceAppTests.swift; sourceTree = "<group>"; };
		68BC37A72C8F34350085A403 /* KJVoiceChatExperienceAppUITests.xctest */ = {isa = PBXFileReference; explicitFileType = wrapper.cfbundle; includeInIndex = 0; path = KJVoiceChatExperienceAppUITests.xctest; sourceTree = BUILT_PRODUCTS_DIR; };
		68BC37AB2C8F34350085A403 /* KJVoiceChatExperienceAppUITests.swift */ = {isa = PBXFileReference; lastKnownFileType = sourcecode.swift; path = KJVoiceChatExperienceAppUITests.swift; sourceTree = "<group>"; };
		68BC37AD2C8F34350085A403 /* KJVoiceChatExperienceAppUITestsLaunchTests.swift */ = {isa = PBXFileReference; lastKnownFileType = sourcecode.swift; path = KJVoiceChatExperienceAppUITestsLaunchTests.swift; sourceTree = "<group>"; };
/* End PBXFileReference section */

/* Begin PBXFrameworksBuildPhase section */
		68BC37842C8F34330085A403 /* Frameworks */ = {
			isa = PBXFrameworksBuildPhase;
			buildActionMask = 2147483647;
			files = (
			);
			runOnlyForDeploymentPostprocessing = 0;
		};
		68BC379A2C8F34350085A403 /* Frameworks */ = {
			isa = PBXFrameworksBuildPhase;
			buildActionMask = 2147483647;
			files = (
			);
			runOnlyForDeploymentPostprocessing = 0;
		};
		68BC37A42C8F34350085A403 /* Frameworks */ = {
			isa = PBXFrameworksBuildPhase;
			buildActionMask = 2147483647;
			files = (
			);
			runOnlyForDeploymentPostprocessing = 0;
		};
/* End PBXFrameworksBuildPhase section */

/* Begin PBXGroup section */
		68BC377E2C8F34330085A403 = {
			isa = PBXGroup;
			children = (
				68BC37892C8F34330085A403 /* KJVoiceChatExperienceApp */,
				68BC37A02C8F34350085A403 /* KJVoiceChatExperienceAppTests */,
				68BC37AA2C8F34350085A403 /* KJVoiceChatExperienceAppUITests */,
				68BC37882C8F34330085A403 /* Products */,
			);
			sourceTree = "<group>";
		};
		68BC37882C8F34330085A403 /* Products */ = {
			isa = PBXGroup;
			children = (
				68BC37872C8F34330085A403 /* KJVoiceChatExperienceApp.app */,
				68BC379D2C8F34350085A403 /* KJVoiceChatExperienceAppTests.xctest */,
				68BC37A72C8F34350085A403 /* KJVoiceChatExperienceAppUITests.xctest */,
			);
			name = Products;
			sourceTree = "<group>";
		};
		68BC37892C8F34330085A403 /* KJVoiceChatExperienceApp */ = {
			isa = PBXGroup;
			children = (
				68BC378A2C8F34330085A403 /* AppDelegate.swift */,
				68BC378C2C8F34330085A403 /* SceneDelegate.swift */,
				68BC378E2C8F34330085A403 /* ViewController.swift */,
				68BC37902C8F34330085A403 /* Main.storyboard */,
				68BC37932C8F34350085A403 /* Assets.xcassets */,
				68BC37952C8F34350085A403 /* LaunchScreen.storyboard */,
				68BC37982C8F34350085A403 /* Info.plist */,
			);
			path = KJVoiceChatExperienceApp;
			sourceTree = "<group>";
		};
		68BC37A02C8F34350085A403 /* KJVoiceChatExperienceAppTests */ = {
			isa = PBXGroup;
			children = (
				68BC37A12C8F34350085A403 /* KJVoiceChatExperienceAppTests.swift */,
			);
			path = KJVoiceChatExperienceAppTests;
			sourceTree = "<group>";
		};
		68BC37AA2C8F34350085A403 /* KJVoiceChatExperienceAppUITests */ = {
			isa = PBXGroup;
			children = (
				68BC37AB2C8F34350085A403 /* KJVoiceChatExperienceAppUITests.swift */,
				68BC37AD2C8F34350085A403 /* KJVoiceChatExperienceAppUITestsLaunchTests.swift */,
			);
			path = KJVoiceChatExperienceAppUITests;
			sourceTree = "<group>";
		};
/* End PBXGroup section */

/* Begin PBXNativeTarget section */
		68BC37862C8F34330085A403 /* KJVoiceChatExperienceApp */ = {
			isa = PBXNativeTarget;
			buildConfigurationList = 68BC37B12C8F34350085A403 /* Build configuration list for PBXNativeTarget "KJVoiceChatExperienceApp" */;
			buildPhases = (
				68BC37832C8F34330085A403 /* Sources */,
				68BC37842C8F34330085A403 /* Frameworks */,
				68BC37852C8F34330085A403 /* Resources */,
			);
			buildRules = (
			);
			dependencies = (
			);
			name = KJVoiceChatExperienceApp;
			productName = KJVoiceChatExperienceApp;
			productReference = 68BC37872C8F34330085A403 /* KJVoiceChatExperienceApp.app */;
			productType = "com.apple.product-type.application";
		};
		68BC379C2C8F34350085A403 /* KJVoiceChatExperienceAppTests */ = {
			isa = PBXNativeTarget;
			buildConfigurationList = 68BC37B42C8F34350085A403 /* Build configuration list for PBXNativeTarget "KJVoiceChatExperienceAppTests" */;
			buildPhases = (
				68BC37992C8F34350085A403 /* Sources */,
				68BC379A2C8F34350085A403 /* Frameworks */,
				68BC379B2C8F34350085A403 /* Resources */,
			);
			buildRules = (
			);
			dependencies = (
				68BC379F2C8F34350085A403 /* PBXTargetDependency */,
			);
			name = KJVoiceChatExperienceAppTests;
			productName = KJVoiceChatExperienceAppTests;
			productReference = 68BC379D2C8F34350085A403 /* KJVoiceChatExperienceAppTests.xctest */;
			productType = "com.apple.product-type.bundle.unit-test";
		};
		68BC37A62C8F34350085A403 /* KJVoiceChatExperienceAppUITests */ = {
			isa = PBXNativeTarget;
			buildConfigurationList = 68BC37B72C8F34350085A403 /* Build configuration list for PBXNativeTarget "KJVoiceChatExperienceAppUITests" */;
			buildPhases = (
				68BC37A32C8F34350085A403 /* Sources */,
				68BC37A42C8F34350085A403 /* Frameworks */,
				68BC37A52C8F34350085A403 /* Resources */,
			);
			buildRules = (
			);
			dependencies = (
				68BC37A92C8F34350085A403 /* PBXTargetDependency */,
			);
			name = KJVoiceChatExperienceAppUITests;
			productName = KJVoiceChatExperienceAppUITests;
			productReference = 68BC37A72C8F34350085A403 /* KJVoiceChatExperienceAppUITests.xctest */;
			productType = "com.apple.product-type.bundle.ui-testing";
		};
/* End PBXNativeTarget section */

/* Begin PBXProject section */
		68BC377F2C8F34330085A403 /* Project object */ = {
			isa = PBXProject;
			attributes = {
				BuildIndependentTargetsInParallel = 1;
				LastSwiftUpdateCheck = 1400;
				LastUpgradeCheck = 1400;
				TargetAttributes = {
					68BC37862C8F34330085A403 = {
						CreatedOnToolsVersion = 14.0;
					};
					68BC379C2C8F34350085A403 = {
						CreatedOnToolsVersion = 14.0;
						TestTargetID = 68BC37862C8F34330085A403;
					};
					68BC37A62C8F34350085A403 = {
						CreatedOnToolsVersion = 14.0;
						TestTargetID = 68BC37862C8F34330085A403;
					};
				};
			};
			buildConfigurationList = 68BC37822C8F34330085A403 /* Build configuration list for PBXProject "KJVoiceChatExperienceApp" */;
			compatibilityVersion = "Xcode 14.0";
			developmentRegion = en;
			hasScannedForEncodings = 0;
			knownRegions = (
				en,
				Base,
			);
			mainGroup = 68BC377E2C8F34330085A403;
			productRefGroup = 68BC37882C8F34330085A403 /* Products */;
			projectDirPath = "";
			projectRoot = "";
			targets = (
				68BC37862C8F34330085A403 /* KJVoiceChatExperienceApp */,
				68BC379C2C8F34350085A403 /* KJVoiceChatExperienceAppTests */,
				68BC37A62C8F34350085A403 /* KJVoiceChatExperienceAppUITests */,
			);
		};
/* End PBXProject section */

/* Begin PBXResourcesBuildPhase section */
		68BC37852C8F34330085A403 /* Resources */ = {
			isa = PBXResourcesBuildPhase;
			buildActionMask = 2147483647;
			files = (
				68BC37972C8F34350085A403 /* LaunchScreen.storyboard in Resources */,
				68BC37942C8F34350085A403 /* Assets.xcassets in Resources */,
				68BC37922C8F34330085A403 /* Main.storyboard in Resources */,
			);
			runOnlyForDeploymentPostprocessing = 0;
		};
		68BC379B2C8F34350085A403 /* Resources */ = {
			isa = PBXResourcesBuildPhase;
			buildActionMask = 2147483647;
			files = (
			);
			runOnlyForDeploymentPostprocessing = 0;
		};
		68BC37A52C8F34350085A403 /* Resources */ = {
			isa = PBXResourcesBuildPhase;
			buildActionMask = 2147483647;
			files = (
			);
			runOnlyForDeploymentPostprocessing = 0;
		};
/* End PBXResourcesBuildPhase section */

/* Begin PBXSourcesBuildPhase section */
		68BC37832C8F34330085A403 /* Sources */ = {
			isa = PBXSourcesBuildPhase;
			buildActionMask = 2147483647;
			files = (
				68BC378F2C8F34330085A403 /* ViewController.swift in Sources */,
				68BC378B2C8F34330085A403 /* AppDelegate.swift in Sources */,
				68BC378D2C8F34330085A403 /* SceneDelegate.swift in Sources */,
			);
			runOnlyForDeploymentPostprocessing = 0;
		};
		68BC37992C8F34350085A403 /* Sources */ = {
			isa = PBXSourcesBuildPhase;
			buildActionMask = 2147483647;
			files = (
				68BC37A22C8F34350085A403 /* KJVoiceChatExperienceAppTests.swift in Sources */,
			);
			runOnlyForDeploymentPostprocessing = 0;
		};
		68BC37A32C8F34350085A403 /* Sources */ = {
			isa = PBXSourcesBuildPhase;
			buildActionMask = 2147483647;
			files = (
				68BC37AE2C8F34350085A403 /* KJVoiceChatExperienceAppUITestsLaunchTests.swift in Sources */,
				68BC37AC2C8F34350085A403 /* KJVoiceChatExperienceAppUITests.swift in Sources */,
			);
			runOnlyForDeploymentPostprocessing = 0;
		};
/* End PBXSourcesBuildPhase section */

/* Begin PBXTargetDependency section */
		68BC379F2C8F34350085A403 /* PBXTargetDependency */ = {
			isa = PBXTargetDependency;
			target = 68BC37862C8F34330085A403 /* KJVoiceChatExperienceApp */;
			targetProxy = 68BC379E2C8F34350085A403 /* PBXContainerItemProxy */;
		};
		68BC37A92C8F34350085A403 /* PBXTargetDependency */ = {
			isa = PBXTargetDependency;
			target = 68BC37862C8F34330085A403 /* KJVoiceChatExperienceApp */;
			targetProxy = 68BC37A82C8F34350085A403 /* PBXContainerItemProxy */;
		};
/* End PBXTargetDependency section */

/* Begin PBXVariantGroup section */
		68BC37902C8F34330085A403 /* Main.storyboard */ = {
			isa = PBXVariantGroup;
			children = (
				68BC37912C8F34330085A403 /* Base */,
			);
			name = Main.storyboard;
			sourceTree = "<group>";
		};
		68BC37952C8F34350085A403 /* LaunchScreen.storyboard */ = {
			isa = PBXVariantGroup;
			children = (
				68BC37962C8F34350085A403 /* Base */,
			);
			name = LaunchScreen.storyboard;
			sourceTree = "<group>";
		};
/* End PBXVariantGroup section */

/* Begin XCBuildConfiguration section */
		68BC37AF2C8F34350085A403 /* Debug */ = {
			isa = XCBuildConfiguration;
			buildSettings = {
				ALWAYS_SEARCH_USER_PATHS = NO;
				CLANG_ANALYZER_NONNULL = YES;
				CLANG_ANALYZER_NUMBER_OBJECT_CONVERSION = YES_AGGRESSIVE;
				CLANG_CXX_LANGUAGE_STANDARD = "gnu++20";
				CLANG_ENABLE_MODULES = YES;
				CLANG_ENABLE_OBJC_ARC = YES;
				CLANG_ENABLE_OBJC_WEAK = YES;
				CLANG_WARN_BLOCK_CAPTURE_AUTORELEASING = YES;
				CLANG_WARN_BOOL_CONVERSION = YES;
				CLANG_WARN_COMMA = YES;
				CLANG_WARN_CONSTANT_CONVERSION = YES;
				CLANG_WARN_DEPRECATED_OBJC_IMPLEMENTATIONS = YES;
				CLANG_WARN_DIRECT_OBJC_ISA_USAGE = YES_ERROR;
				CLANG_WARN_DOCUMENTATION_COMMENTS = YES;
				CLANG_WARN_EMPTY_BODY = YES;
				CLANG_WARN_ENUM_CONVERSION = YES;
				CLANG_WARN_INFINITE_RECURSION = YES;
				CLANG_WARN_INT_CONVERSION = YES;
				CLANG_WARN_NON_LITERAL_NULL_CONVERSION = YES;
				CLANG_WARN_OBJC_IMPLICIT_RETAIN_SELF = YES;
				CLANG_WARN_OBJC_LITERAL_CONVERSION = YES;
				CLANG_WARN_OBJC_ROOT_CLASS = YES_ERROR;
				CLANG_WARN_QUOTED_INCLUDE_IN_FRAMEWORK_HEADER = YES;
				CLANG_WARN_RANGE_LOOP_ANALYSIS = YES;
				CLANG_WARN_STRICT_PROTOTYPES = YES;
				CLANG_WARN_SUSPICIOUS_MOVE = YES;
				CLANG_WARN_UNGUARDED_AVAILABILITY = YES_AGGRESSIVE;
				CLANG_WARN_UNREACHABLE_CODE = YES;
				CLANG_WARN__DUPLICATE_METHOD_MATCH = YES;
				COPY_PHASE_STRIP = NO;
				DEBUG_INFORMATION_FORMAT = dwarf;
				ENABLE_STRICT_OBJC_MSGSEND = YES;
				ENABLE_TESTABILITY = YES;
				GCC_C_LANGUAGE_STANDARD = gnu11;
				GCC_DYNAMIC_NO_PIC = NO;
				GCC_NO_COMMON_BLOCKS = YES;
				GCC_OPTIMIZATION_LEVEL = 0;
				GCC_PREPROCESSOR_DEFINITIONS = (
					"DEBUG=1",
					"$(inherited)",
				);
				GCC_WARN_64_TO_32_BIT_CONVERSION = YES;
				GCC_WARN_ABOUT_RETURN_TYPE = YES_ERROR;
				GCC_WARN_UNDECLARED_SELECTOR = YES;
				GCC_WARN_UNINITIALIZED_AUTOS = YES_AGGRESSIVE;
				GCC_WARN_UNUSED_FUNCTION = YES;
				GCC_WARN_UNUSED_VARIABLE = YES;
				IPHONEOS_DEPLOYMENT_TARGET = 16.0;
				MTL_ENABLE_DEBUG_INFO = INCLUDE_SOURCE;
				MTL_FAST_MATH = YES;
				ONLY_ACTIVE_ARCH = YES;
				SDKROOT = iphoneos;
				SWIFT_ACTIVE_COMPILATION_CONDITIONS = DEBUG;
				SWIFT_OPTIMIZATION_LEVEL = "-Onone";
			};
			name = Debug;
		};
		68BC37B02C8F34350085A403 /* Release */ = {
			isa = XCBuildConfiguration;
			buildSettings = {
				ALWAYS_SEARCH_USER_PATHS = NO;
				CLANG_ANALYZER_NONNULL = YES;
				CLANG_ANALYZER_NUMBER_OBJECT_CONVERSION = YES_AGGRESSIVE;
				CLANG_CXX_LANGUAGE_STANDARD = "gnu++20";
				CLANG_ENABLE_MODULES = YES;
				CLANG_ENABLE_OBJC_ARC = YES;
				CLANG_ENABLE_OBJC_WEAK = YES;
				CLANG_WARN_BLOCK_CAPTURE_AUTORELEASING = YES;
				CLANG_WARN_BOOL_CONVERSION = YES;
				CLANG_WARN_COMMA = YES;
				CLANG_WARN_CONSTANT_CONVERSION = YES;
				CLANG_WARN_DEPRECATED_OBJC_IMPLEMENTATIONS = YES;
				CLANG_WARN_DIRECT_OBJC_ISA_USAGE = YES_ERROR;
				CLANG_WARN_DOCUMENTATION_COMMENTS = YES;
				CLANG_WARN_EMPTY_BODY = YES;
				CLANG_WARN_ENUM_CONVERSION = YES;
				CLANG_WARN_INFINITE_RECURSION = YES;
				CLANG_WARN_INT_CONVERSION = YES;
				CLANG_WARN_NON_LITERAL_NULL_CONVERSION = YES;
				CLANG_WARN_OBJC_IMPLICIT_RETAIN_SELF = YES;
				CLANG_WARN_OBJC_LITERAL_CONVERSION = YES;
				CLANG_WARN_OBJC_ROOT_CLASS = YES_ERROR;
				CLANG_WARN_QUOTED_INCLUDE_IN_FRAMEWORK_HEADER = YES;
				CLANG_WARN_RANGE_LOOP_ANALYSIS = YES;
				CLANG_WARN_STRICT_PROTOTYPES = YES;
				CLANG_WARN_SUSPICIOUS_MOVE = YES;
				CLANG_WARN_UNGUARDED_AVAILABILITY = YES_AGGRESSIVE;
				CLANG_WARN_UNREACHABLE_CODE = YES;
				CLANG_WARN__DUPLICATE_METHOD_MATCH = YES;
				COPY_PHASE_STRIP = NO;
				DEBUG_INFORMATION_FORMAT = "dwarf-with-dsym";
				ENABLE_NS_ASSERTIONS = NO;
				ENABLE_STRICT_OBJC_MSGSEND = YES;
				GCC_C_LANGUAGE_STANDARD = gnu11;
				GCC_NO_COMMON_BLOCKS = YES;
				GCC_WARN_64_TO_32_BIT_CONVERSION = YES;
				GCC_WARN_ABOUT_RETURN_TYPE = YES_ERROR;
				GCC_WARN_UNDECLARED_SELECTOR = YES;
				GCC_WARN_UNINITIALIZED_AUTOS = YES_AGGRESSIVE;
				GCC_WARN_UNUSED_FUNCTION = YES;
				GCC_WARN_UNUSED_VARIABLE = YES;
				IPHONEOS_DEPLOYMENT_TARGET = 16.0;
				MTL_ENABLE_DEBUG_INFO = NO;
				MTL_FAST_MATH = YES;
				SDKROOT = iphoneos;
				SWIFT_COMPILATION_MODE = wholemodule;
				SWIFT_OPTIMIZATION_LEVEL = "-O";
				VALIDATE_PRODUCT = YES;
			};
			name = Release;
		};
		68BC37B22C8F34350085A403 /* Debug */ = {
			isa = XCBuildConfiguration;
			buildSettings = {
				ASSETCATALOG_COMPILER_APPICON_NAME = AppIcon;
				ASSETCATALOG_COMPILER_GLOBAL_ACCENT_COLOR_NAME = AccentColor;
				CODE_SIGN_STYLE = Automatic;
				CURRENT_PROJECT_VERSION = 1;
				DEVELOPMENT_TEAM = 6T2VWAK6CR;
				GENERATE_INFOPLIST_FILE = YES;
				INFOPLIST_FILE = KJVoiceChatExperienceApp/Info.plist;
				INFOPLIST_KEY_UIApplicationSupportsIndirectInputEvents = YES;
				INFOPLIST_KEY_UILaunchStoryboardName = LaunchScreen;
				INFOPLIST_KEY_UIMainStoryboardFile = Main;
				INFOPLIST_KEY_UISupportedInterfaceOrientations_iPad = "UIInterfaceOrientationPortrait UIInterfaceOrientationPortraitUpsideDown UIInterfaceOrientationLandscapeLeft UIInterfaceOrientationLandscapeRight";
				INFOPLIST_KEY_UISupportedInterfaceOrientations_iPhone = "UIInterfaceOrientationPortrait UIInterfaceOrientationLandscapeLeft UIInterfaceOrientationLandscapeRight";
				LD_RUNPATH_SEARCH_PATHS = (
					"$(inherited)",
					"@executable_path/Frameworks",
				);
				MARKETING_VERSION = 1.0;
				PRODUCT_BUNDLE_IDENTIFIER = com.yuanxuehu.KJVoiceChatExperienceApp;
				PRODUCT_NAME = "$(TARGET_NAME)";
				SWIFT_EMIT_LOC_STRINGS = YES;
				SWIFT_VERSION = 5.0;
				TARGETED_DEVICE_FAMILY = "1,2";
			};
			name = Debug;
		};
		68BC37B32C8F34350085A403 /* Release */ = {
			isa = XCBuildConfiguration;
			buildSettings = {
				ASSETCATALOG_COMPILER_APPICON_NAME = AppIcon;
				ASSETCATALOG_COMPILER_GLOBAL_ACCENT_COLOR_NAME = AccentColor;
				CODE_SIGN_STYLE = Automatic;
				CURRENT_PROJECT_VERSION = 1;
				DEVELOPMENT_TEAM = 6T2VWAK6CR;
				GENERATE_INFOPLIST_FILE = YES;
				INFOPLIST_FILE = KJVoiceChatExperienceApp/Info.plist;
				INFOPLIST_KEY_UIApplicationSupportsIndirectInputEvents = YES;
				INFOPLIST_KEY_UILaunchStoryboardName = LaunchScreen;
				INFOPLIST_KEY_UIMainStoryboardFile = Main;
				INFOPLIST_KEY_UISupportedInterfaceOrientations_iPad = "UIInterfaceOrientationPortrait UIInterfaceOrientationPortraitUpsideDown UIInterfaceOrientationLandscapeLeft UIInterfaceOrientationLandscapeRight";
				INFOPLIST_KEY_UISupportedInterfaceOrientations_iPhone = "UIInterfaceOrientationPortrait UIInterfaceOrientationLandscapeLeft UIInterfaceOrientationLandscapeRight";
				LD_RUNPATH_SEARCH_PATHS = (
					"$(inherited)",
					"@executable_path/Frameworks",
				);
				MARKETING_VERSION = 1.0;
				PRODUCT_BUNDLE_IDENTIFIER = com.yuanxuehu.KJVoiceChatExperienceApp;
				PRODUCT_NAME = "$(TARGET_NAME)";
				SWIFT_EMIT_LOC_STRINGS = YES;
				SWIFT_VERSION = 5.0;
				TARGETED_DEVICE_FAMILY = "1,2";
			};
			name = Release;
		};
		68BC37B52C8F34350085A403 /* Debug */ = {
			isa = XCBuildConfiguration;
			buildSettings = {
				ALWAYS_EMBED_SWIFT_STANDARD_LIBRARIES = YES;
				BUNDLE_LOADER = "$(TEST_HOST)";
				CODE_SIGN_STYLE = Automatic;
				CURRENT_PROJECT_VERSION = 1;
				DEVELOPMENT_TEAM = 6T2VWAK6CR;
				GENERATE_INFOPLIST_FILE = YES;
				IPHONEOS_DEPLOYMENT_TARGET = 16.0;
				MARKETING_VERSION = 1.0;
				PRODUCT_BUNDLE_IDENTIFIER = com.yuanxuehu.KJVoiceChatExperienceAppTests;
				PRODUCT_NAME = "$(TARGET_NAME)";
				SWIFT_EMIT_LOC_STRINGS = NO;
				SWIFT_VERSION = 5.0;
				TARGETED_DEVICE_FAMILY = "1,2";
				TEST_HOST = "$(BUILT_PRODUCTS_DIR)/KJVoiceChatExperienceApp.app/$(BUNDLE_EXECUTABLE_FOLDER_PATH)/KJVoiceChatExperienceApp";
			};
			name = Debug;
		};
		68BC37B62C8F34350085A403 /* Release */ = {
			isa = XCBuildConfiguration;
			buildSettings = {
				ALWAYS_EMBED_SWIFT_STANDARD_LIBRARIES = YES;
				BUNDLE_LOADER = "$(TEST_HOST)";
				CODE_SIGN_STYLE = Automatic;
				CURRENT_PROJECT_VERSION = 1;
				DEVELOPMENT_TEAM = 6T2VWAK6CR;
				GENERATE_INFOPLIST_FILE = YES;
				IPHONEOS_DEPLOYMENT_TARGET = 16.0;
				MARKETING_VERSION = 1.0;
				PRODUCT_BUNDLE_IDENTIFIER = com.yuanxuehu.KJVoiceChatExperienceAppTests;
				PRODUCT_NAME = "$(TARGET_NAME)";
				SWIFT_EMIT_LOC_STRINGS = NO;
				SWIFT_VERSION = 5.0;
				TARGETED_DEVICE_FAMILY = "1,2";
				TEST_HOST = "$(BUILT_PRODUCTS_DIR)/KJVoiceChatExperienceApp.app/$(BUNDLE_EXECUTABLE_FOLDER_PATH)/KJVoiceChatExperienceApp";
			};
			name = Release;
		};
		68BC37B82C8F34350085A403 /* Debug */ = {
			isa = XCBuildConfiguration;
			buildSettings = {
				ALWAYS_EMBED_SWIFT_STANDARD_LIBRARIES = YES;
				CODE_SIGN_STYLE = Automatic;
				CURRENT_PROJECT_VERSION = 1;
				DEVELOPMENT_TEAM = 6T2VWAK6CR;
				GENERATE_INFOPLIST_FILE = YES;
				MARKETING_VERSION = 1.0;
				PRODUCT_BUNDLE_IDENTIFIER = com.yuanxuehu.KJVoiceChatExperienceAppUITests;
				PRODUCT_NAME = "$(TARGET_NAME)";
				SWIFT_EMIT_LOC_STRINGS = NO;
				SWIFT_VERSION = 5.0;
				TARGETED_DEVICE_FAMILY = "1,2";
				TEST_TARGET_NAME = KJVoiceChatExperienceApp;
			};
			name = Debug;
		};
		68BC37B92C8F34350085A403 /* Release */ = {
			isa = XCBuildConfiguration;
			buildSettings = {
				ALWAYS_EMBED_SWIFT_STANDARD_LIBRARIES = YES;
				CODE_SIGN_STYLE = Automatic;
				CURRENT_PROJECT_VERSION = 1;
				DEVELOPMENT_TEAM = 6T2VWAK6CR;
				GENERATE_INFOPLIST_FILE = YES;
				MARKETING_VERSION = 1.0;
				PRODUCT_BUNDLE_IDENTIFIER = com.yuanxuehu.KJVoiceChatExperienceAppUITests;
				PRODUCT_NAME = "$(TARGET_NAME)";
				SWIFT_EMIT_LOC_STRINGS = NO;
				SWIFT_VERSION = 5.0;
				TARGETED_DEVICE_FAMILY = "1,2";
				TEST_TARGET_NAME = KJVoiceChatExperienceApp;
			};
			name = Release;
		};
/* End XCBuildConfiguration section */

/* Begin XCConfigurationList section */
		68BC37822C8F34330085A403 /* Build configuration list for PBXProject "KJVoiceChatExperienceApp" */ = {
			isa = XCConfigurationList;
			buildConfigurations = (
				68BC37AF2C8F34350085A403 /* Debug */,
				68BC37B02C8F34350085A403 /* Release */,
			);
			defaultConfigurationIsVisible = 0;
			defaultConfigurationName = Release;
		};
		68BC37B12C8F34350085A403 /* Build configuration list for PBXNativeTarget "KJVoiceChatExperienceApp" */ = {
			isa = XCConfigurationList;
			buildConfigurations = (
				68BC37B22C8F34350085A403 /* Debug */,
				68BC37B32C8F34350085A403 /* Release */,
			);
			defaultConfigurationIsVisible = 0;
			defaultConfigurationName = Release;
		};
		68BC37B42C8F34350085A403 /* Build configuration list for PBXNativeTarget "KJVoiceChatExperienceAppTests" */ = {
			isa = XCConfigurationList;
			buildConfigurations = (
				68BC37B52C8F34350085A403 /* Debug */,
				68BC37B62C8F34350085A403 /* Release */,
			);
			defaultConfigurationIsVisible = 0;
			defaultConfigurationName = Release;
		};
		68BC37B72C8F34350085A403 /* Build configuration list for PBXNativeTarget "KJVoiceChatExperienceAppUITests" */ = {
			isa = XCConfigurationList;
			buildConfigurations = (
				68BC37B82C8F34350085A403 /* Debug */,
				68BC37B92C8F34350085A403 /* Release */,
			);
			defaultConfigurationIsVisible = 0;
			defaultConfigurationName = Release;
		};
/* End XCConfigurationList section */
	};
	rootObject = 68BC377F2C8F34330085A403 /* Project object */;
}
